
Microsoft Visual Studio Solution File, Format Version 12.00
# Visual Studio 15
VisualStudioVersion = 15.0.27703.2042
MinimumVisualStudioVersion = 10.0.40219.1
Project("{8BC9CEB8-8B4A-11D0-8D11-00A0C91BC942}") = "EyeCandy3D", "EyeCandy3D\EyeCandy3D.vcxproj", "{21192E47-E599-4B31-BAD1-2C555B79ABCA}"
	ProjectSection(ProjectDependencies) = postProject
		{86D55CAA-C95F-3162-839F-914A7C30806F} = {86D55CAA-C95F-3162-839F-914A7C30806F}
	EndProjectSection
EndProject
Project("{8BC9CEB8-8B4A-11D0-8D11-00A0C91BC942}") = "Example", "Example\Example.vcxproj", "{2E843BE8-306B-4D56-AD83-474CC09F6931}"
	ProjectSection(ProjectDependencies) = postProject
		{21192E47-E599-4B31-BAD1-2C555B79ABCA} = {21192E47-E599-4B31-BAD1-2C555B79ABCA}
	EndProjectSection
EndProject
Project("{8BC9CEB8-8B4A-11D0-8D11-00A0C91BC942}") = "agui", "External\Agui-master\build\agui_x64.vcxproj", "{86D55CAA-C95F-3162-839F-914A7C30806F}"
EndProject
Project("{8BC9CEB8-8B4A-11D0-8D11-00A0C91BC942}") = "UnitTest++", "External\unittest-cpp-master\builds\UnitTest++.vcxproj", "{80AC3D9E-582D-331B-9BB0-BE0EB3E28F95}"
EndProject
Project("{8BC9CEB8-8B4A-11D0-8D11-00A0C91BC942}") = "Test", "Test\Test.vcxproj", "{AC9E376B-8B92-4BB1-98EA-A4645803FF9C}"
	ProjectSection(ProjectDependencies) = postProject
		{80AC3D9E-582D-331B-9BB0-BE0EB3E28F95} = {80AC3D9E-582D-331B-9BB0-BE0EB3E28F95}
	EndProjectSection
EndProject
Global
	GlobalSection(SolutionConfigurationPlatforms) = preSolution
		Debug|Win32 = Debug|Win32
		Debug|x64 = Debug|x64
		Debug|x86 = Debug|x86
		MinSizeRel|Win32 = MinSizeRel|Win32
		MinSizeRel|x64 = MinSizeRel|x64
		MinSizeRel|x86 = MinSizeRel|x86
		Release|Win32 = Release|Win32
		Release|x64 = Release|x64
		Release|x86 = Release|x86
		RelWithDebInfo|Win32 = RelWithDebInfo|Win32
		RelWithDebInfo|x64 = RelWithDebInfo|x64
		RelWithDebInfo|x86 = RelWithDebInfo|x86
	EndGlobalSection
	GlobalSection(ProjectConfigurationPlatforms) = postSolution
		{21192E47-E599-4B31-BAD1-2C555B79ABCA}.Debug|Win32.ActiveCfg = Debug|Win32
		{21192E47-E599-4B31-BAD1-2C555B79ABCA}.Debug|Win32.Build.0 = Debug|Win32
		{21192E47-E599-4B31-BAD1-2C555B79ABCA}.Debug|x64.ActiveCfg = Debug|x64
		{21192E47-E599-4B31-BAD1-2C555B79ABCA}.Debug|x64.Build.0 = Debug|x64
		{21192E47-E599-4B31-BAD1-2C555B79ABCA}.Debug|x86.ActiveCfg = Debug|Win32
		{21192E47-E599-4B31-BAD1-2C555B79ABCA}.Debug|x86.Build.0 = Debug|Win32
		{21192E47-E599-4B31-BAD1-2C555B79ABCA}.MinSizeRel|Win32.ActiveCfg = Release|Win32
		{21192E47-E599-4B31-BAD1-2C555B79ABCA}.MinSizeRel|Win32.Build.0 = Release|Win32
		{21192E47-E599-4B31-BAD1-2C555B79ABCA}.MinSizeRel|x64.ActiveCfg = Release|x64
		{21192E47-E599-4B31-BAD1-2C555B79ABCA}.MinSizeRel|x64.Build.0 = Release|x64
		{21192E47-E599-4B31-BAD1-2C555B79ABCA}.MinSizeRel|x86.ActiveCfg = Release|Win32
		{21192E47-E599-4B31-BAD1-2C555B79ABCA}.MinSizeRel|x86.Build.0 = Release|Win32
		{21192E47-E599-4B31-BAD1-2C555B79ABCA}.Release|Win32.ActiveCfg = Release|Win32
		{21192E47-E599-4B31-BAD1-2C555B79ABCA}.Release|Win32.Build.0 = Release|Win32
		{21192E47-E599-4B31-BAD1-2C555B79ABCA}.Release|x64.ActiveCfg = Release|x64
		{21192E47-E599-4B31-BAD1-2C555B79ABCA}.Release|x64.Build.0 = Release|x64
		{21192E47-E599-4B31-BAD1-2C555B79ABCA}.Release|x86.ActiveCfg = Release|Win32
		{21192E47-E599-4B31-BAD1-2C555B79ABCA}.Release|x86.Build.0 = Release|Win32
		{21192E47-E599-4B31-BAD1-2C555B79ABCA}.RelWithDebInfo|Win32.ActiveCfg = Release|Win32
		{21192E47-E599-4B31-BAD1-2C555B79ABCA}.RelWithDebInfo|Win32.Build.0 = Release|Win32
		{21192E47-E599-4B31-BAD1-2C555B79ABCA}.RelWithDebInfo|x64.ActiveCfg = Release|x64
		{21192E47-E599-4B31-BAD1-2C555B79ABCA}.RelWithDebInfo|x64.Build.0 = Release|x64
		{21192E47-E599-4B31-BAD1-2C555B79ABCA}.RelWithDebInfo|x86.ActiveCfg = Release|Win32
		{21192E47-E599-4B31-BAD1-2C555B79ABCA}.RelWithDebInfo|x86.Build.0 = Release|Win32
		{2E843BE8-306B-4D56-AD83-474CC09F6931}.Debug|Win32.ActiveCfg = Debug|Win32
		{2E843BE8-306B-4D56-AD83-474CC09F6931}.Debug|Win32.Build.0 = Debug|Win32
		{2E843BE8-306B-4D56-AD83-474CC09F6931}.Debug|x64.ActiveCfg = Debug|x64
		{2E843BE8-306B-4D56-AD83-474CC09F6931}.Debug|x64.Build.0 = Debug|x64
		{2E843BE8-306B-4D56-AD83-474CC09F6931}.Debug|x86.ActiveCfg = Debug|Win32
		{2E843BE8-306B-4D56-AD83-474CC09F6931}.Debug|x86.Build.0 = Debug|Win32
		{2E843BE8-306B-4D56-AD83-474CC09F6931}.MinSizeRel|Win32.ActiveCfg = Release|Win32
		{2E843BE8-306B-4D56-AD83-474CC09F6931}.MinSizeRel|Win32.Build.0 = Release|Win32
		{2E843BE8-306B-4D56-AD83-474CC09F6931}.MinSizeRel|x64.ActiveCfg = Release|x64
		{2E843BE8-306B-4D56-AD83-474CC09F6931}.MinSizeRel|x64.Build.0 = Release|x64
		{2E843BE8-306B-4D56-AD83-474CC09F6931}.MinSizeRel|x86.ActiveCfg = Release|Win32
		{2E843BE8-306B-4D56-AD83-474CC09F6931}.MinSizeRel|x86.Build.0 = Release|Win32
		{2E843BE8-306B-4D56-AD83-474CC09F6931}.Release|Win32.ActiveCfg = Release|Win32
		{2E843BE8-306B-4D56-AD83-474CC09F6931}.Release|Win32.Build.0 = Release|Win32
		{2E843BE8-306B-4D56-AD83-474CC09F6931}.Release|x64.ActiveCfg = Release|x64
		{2E843BE8-306B-4D56-AD83-474CC09F6931}.Release|x64.Build.0 = Release|x64
		{2E843BE8-306B-4D56-AD83-474CC09F6931}.Release|x86.ActiveCfg = Release|Win32
		{2E843BE8-306B-4D56-AD83-474CC09F6931}.Release|x86.Build.0 = Release|Win32
		{2E843BE8-306B-4D56-AD83-474CC09F6931}.RelWithDebInfo|Win32.ActiveCfg = Release|Win32
		{2E843BE8-306B-4D56-AD83-474CC09F6931}.RelWithDebInfo|Win32.Build.0 = Release|Win32
		{2E843BE8-306B-4D56-AD83-474CC09F6931}.RelWithDebInfo|x64.ActiveCfg = Release|x64
		{2E843BE8-306B-4D56-AD83-474CC09F6931}.RelWithDebInfo|x64.Build.0 = Release|x64
		{2E843BE8-306B-4D56-AD83-474CC09F6931}.RelWithDebInfo|x86.ActiveCfg = Release|Win32
		{2E843BE8-306B-4D56-AD83-474CC09F6931}.RelWithDebInfo|x86.Build.0 = Release|Win32
		{86D55CAA-C95F-3162-839F-914A7C30806F}.Debug|Win32.ActiveCfg = Debug|Win32
		{86D55CAA-C95F-3162-839F-914A7C30806F}.Debug|Win32.Build.0 = Debug|Win32
		{86D55CAA-C95F-3162-839F-914A7C30806F}.Debug|x64.ActiveCfg = Debug|x64
		{86D55CAA-C95F-3162-839F-914A7C30806F}.Debug|x64.Build.0 = Debug|x64
		{86D55CAA-C95F-3162-839F-914A7C30806F}.Debug|x86.ActiveCfg = Debug|Win32
		{86D55CAA-C95F-3162-839F-914A7C30806F}.Debug|x86.Build.0 = Debug|Win32
		{86D55CAA-C95F-3162-839F-914A7C30806F}.MinSizeRel|Win32.ActiveCfg = MinSizeRel|Win32
		{86D55CAA-C95F-3162-839F-914A7C30806F}.MinSizeRel|Win32.Build.0 = MinSizeRel|Win32
		{86D55CAA-C95F-3162-839F-914A7C30806F}.MinSizeRel|x64.ActiveCfg = MinSizeRel|x64
		{86D55CAA-C95F-3162-839F-914A7C30806F}.MinSizeRel|x64.Build.0 = MinSizeRel|x64
		{86D55CAA-C95F-3162-839F-914A7C30806F}.MinSizeRel|x86.ActiveCfg = MinSizeRel|Win32
		{86D55CAA-C95F-3162-839F-914A7C30806F}.MinSizeRel|x86.Build.0 = MinSizeRel|Win32
		{86D55CAA-C95F-3162-839F-914A7C30806F}.Release|Win32.ActiveCfg = Release|Win32
		{86D55CAA-C95F-3162-839F-914A7C30806F}.Release|Win32.Build.0 = Release|Win32
		{86D55CAA-C95F-3162-839F-914A7C30806F}.Release|x64.ActiveCfg = Release|x64
		{86D55CAA-C95F-3162-839F-914A7C30806F}.Release|x64.Build.0 = Release|x64
		{86D55CAA-C95F-3162-839F-914A7C30806F}.Release|x86.ActiveCfg = Release|Win32
		{86D55CAA-C95F-3162-839F-914A7C30806F}.Release|x86.Build.0 = Release|Win32
		{86D55CAA-C95F-3162-839F-914A7C30806F}.RelWithDebInfo|Win32.ActiveCfg = RelWithDebInfo|Win32
		{86D55CAA-C95F-3162-839F-914A7C30806F}.RelWithDebInfo|Win32.Build.0 = RelWithDebInfo|Win32
		{86D55CAA-C95F-3162-839F-914A7C30806F}.RelWithDebInfo|x64.ActiveCfg = RelWithDebInfo|x64
		{86D55CAA-C95F-3162-839F-914A7C30806F}.RelWithDebInfo|x64.Build.0 = RelWithDebInfo|x64
		{86D55CAA-C95F-3162-839F-914A7C30806F}.RelWithDebInfo|x86.ActiveCfg = RelWithDebInfo|Win32
		{86D55CAA-C95F-3162-839F-914A7C30806F}.RelWithDebInfo|x86.Build.0 = RelWithDebInfo|Win32
		{80AC3D9E-582D-331B-9BB0-BE0EB3E28F95}.Debug|Win32.ActiveCfg = Debug|Win32
		{80AC3D9E-582D-331B-9BB0-BE0EB3E28F95}.Debug|Win32.Build.0 = Debug|Win32
		{80AC3D9E-582D-331B-9BB0-BE0EB3E28F95}.Debug|x64.ActiveCfg = Debug|x64
		{80AC3D9E-582D-331B-9BB0-BE0EB3E28F95}.Debug|x64.Build.0 = Debug|x64
		{80AC3D9E-582D-331B-9BB0-BE0EB3E28F95}.Debug|x86.ActiveCfg = Debug|x64
		{80AC3D9E-582D-331B-9BB0-BE0EB3E28F95}.MinSizeRel|Win32.ActiveCfg = MinSizeRel|x64
		{80AC3D9E-582D-331B-9BB0-BE0EB3E28F95}.MinSizeRel|x64.ActiveCfg = MinSizeRel|x64
		{80AC3D9E-582D-331B-9BB0-BE0EB3E28F95}.MinSizeRel|x64.Build.0 = MinSizeRel|x64
		{80AC3D9E-582D-331B-9BB0-BE0EB3E28F95}.MinSizeRel|x86.ActiveCfg = MinSizeRel|x64
		{80AC3D9E-582D-331B-9BB0-BE0EB3E28F95}.Release|Win32.ActiveCfg = Release|x64
		{80AC3D9E-582D-331B-9BB0-BE0EB3E28F95}.Release|x64.ActiveCfg = Release|x64
		{80AC3D9E-582D-331B-9BB0-BE0EB3E28F95}.Release|x64.Build.0 = Release|x64
		{80AC3D9E-582D-331B-9BB0-BE0EB3E28F95}.Release|x86.ActiveCfg = Release|x64
		{80AC3D9E-582D-331B-9BB0-BE0EB3E28F95}.RelWithDebInfo|Win32.ActiveCfg = RelWithDebInfo|x64
		{80AC3D9E-582D-331B-9BB0-BE0EB3E28F95}.RelWithDebInfo|x64.ActiveCfg = RelWithDebInfo|x64
		{80AC3D9E-582D-331B-9BB0-BE0EB3E28F95}.RelWithDebInfo|x64.Build.0 = RelWithDebInfo|x64
		{80AC3D9E-582D-331B-9BB0-BE0EB3E28F95}.RelWithDebInfo|x86.ActiveCfg = RelWithDebInfo|x64
		{AC9E376B-8B92-4BB1-98EA-A4645803FF9C}.Debug|Win32.ActiveCfg = Debug|Win32
		{AC9E376B-8B92-4BB1-98EA-A4645803FF9C}.Debug|Win32.Build.0 = Debug|Win32
		{AC9E376B-8B92-4BB1-98EA-A4645803FF9C}.Debug|x64.ActiveCfg = Debug|x64
		{AC9E376B-8B92-4BB1-98EA-A4645803FF9C}.Debug|x64.Build.0 = Debug|x64
		{AC9E376B-8B92-4BB1-98EA-A4645803FF9C}.Debug|x86.ActiveCfg = Debug|Win32
		{AC9E376B-8B92-4BB1-98EA-A4645803FF9C}.Debug|x86.Build.0 = Debug|Win32
		{AC9E376B-8B92-4BB1-98EA-A4645803FF9C}.MinSizeRel|Win32.ActiveCfg = Release|Win32
		{AC9E376B-8B92-4BB1-98EA-A4645803FF9C}.MinSizeRel|Win32.Build.0 = Release|Win32
		{AC9E376B-8B92-4BB1-98EA-A4645803FF9C}.MinSizeRel|x64.ActiveCfg = Release|x64
		{AC9E376B-8B92-4BB1-98EA-A4645803FF9C}.MinSizeRel|x64.Build.0 = Release|x64
		{AC9E376B-8B92-4BB1-98EA-A4645803FF9C}.MinSizeRel|x86.ActiveCfg = Release|Win32
		{AC9E376B-8B92-4BB1-98EA-A4645803FF9C}.MinSizeRel|x86.Build.0 = Release|Win32
		{AC9E376B-8B92-4BB1-98EA-A4645803FF9C}.Release|Win32.ActiveCfg = Release|Win32
		{AC9E376B-8B92-4BB1-98EA-A4645803FF9C}.Release|Win32.Build.0 = Release|Win32
		{AC9E376B-8B92-4BB1-98EA-A4645803FF9C}.Release|x64.ActiveCfg = Release|x64
		{AC9E376B-8B92-4BB1-98EA-A4645803FF9C}.Release|x64.Build.0 = Release|x64
		{AC9E376B-8B92-4BB1-98EA-A4645803FF9C}.Release|x86.ActiveCfg = Release|Win32
		{AC9E376B-8B92-4BB1-98EA-A4645803FF9C}.Release|x86.Build.0 = Release|Win32
		{AC9E376B-8B92-4BB1-98EA-A4645803FF9C}.RelWithDebInfo|Win32.ActiveCfg = Release|Win32
		{AC9E376B-8B92-4BB1-98EA-A4645803FF9C}.RelWithDebInfo|Win32.Build.0 = Release|Win32
		{AC9E376B-8B92-4BB1-98EA-A4645803FF9C}.RelWithDebInfo|x64.ActiveCfg = Release|x64
		{AC9E376B-8B92-4BB1-98EA-A4645803FF9C}.RelWithDebInfo|x64.Build.0 = Release|x64
		{AC9E376B-8B92-4BB1-98EA-A4645803FF9C}.RelWithDebInfo|x86.ActiveCfg = Release|Win32
		{AC9E376B-8B92-4BB1-98EA-A4645803FF9C}.RelWithDebInfo|x86.Build.0 = Release|Win32
	EndGlobalSection
	GlobalSection(SolutionProperties) = preSolution
		HideSolutionNode = FALSE
	EndGlobalSection
	GlobalSection(ExtensibilityGlobals) = postSolution
		SolutionGuid = {9CB91439-F5BF-4091-A82D-9F05B2E6F3BE}
	EndGlobalSection
EndGlobal
