
Microsoft Visual Studio Solution File, Format Version 12.00
# Visual Studio 15
VisualStudioVersion = 15.0.27703.2042
MinimumVisualStudioVersion = 10.0.40219.1
Project("{8BC9CEB8-8B4A-11D0-8D11-00A0C91BC942}") = "EyeCandy3D", "EyeCandy3D\EyeCandy3D.vcxproj", "{21192E47-E599-4B31-BAD1-2C555B79ABCA}"
EndProject
Project("{8BC9CEB8-8B4A-11D0-8D11-00A0C91BC942}") = "Example", "Example\Example.vcxproj", "{2E843BE8-306B-4D56-AD83-474CC09F6931}"
	ProjectSection(ProjectDependencies) = postProject
		{21192E47-E599-4B31-BAD1-2C555B79ABCA} = {21192E47-E599-4B31-BAD1-2C555B79ABCA}
	EndProjectSection
EndProject
Global
	GlobalSection(SolutionConfigurationPlatforms) = preSolution
		Debug|x64 = Debug|x64
		Debug|x86 = Debug|x86
		Release|x64 = Release|x64
		Release|x86 = Release|x86
	EndGlobalSection
	GlobalSection(ProjectConfigurationPlatforms) = postSolution
		{21192E47-E599-4B31-BAD1-2C555B79ABCA}.Debug|x64.ActiveCfg = Debug|x64
		{21192E47-E599-4B31-BAD1-2C555B79ABCA}.Debug|x64.Build.0 = Debug|x64
		{21192E47-E599-4B31-BAD1-2C555B79ABCA}.Debug|x86.ActiveCfg = Debug|Win32
		{21192E47-E599-4B31-BAD1-2C555B79ABCA}.Debug|x86.Build.0 = Debug|Win32
		{21192E47-E599-4B31-BAD1-2C555B79ABCA}.Release|x64.ActiveCfg = Release|x64
		{21192E47-E599-4B31-BAD1-2C555B79ABCA}.Release|x64.Build.0 = Release|x64
		{21192E47-E599-4B31-BAD1-2C555B79ABCA}.Release|x86.ActiveCfg = Release|Win32
		{21192E47-E599-4B31-BAD1-2C555B79ABCA}.Release|x86.Build.0 = Release|Win32
		{2E843BE8-306B-4D56-AD83-474CC09F6931}.Debug|x64.ActiveCfg = Debug|x64
		{2E843BE8-306B-4D56-AD83-474CC09F6931}.Debug|x64.Build.0 = Debug|x64
		{2E843BE8-306B-4D56-AD83-474CC09F6931}.Debug|x86.ActiveCfg = Debug|Win32
		{2E843BE8-306B-4D56-AD83-474CC09F6931}.Debug|x86.Build.0 = Debug|Win32
		{2E843BE8-306B-4D56-AD83-474CC09F6931}.Release|x64.ActiveCfg = Release|x64
		{2E843BE8-306B-4D56-AD83-474CC09F6931}.Release|x64.Build.0 = Release|x64
		{2E843BE8-306B-4D56-AD83-474CC09F6931}.Release|x86.ActiveCfg = Release|Win32
		{2E843BE8-306B-4D56-AD83-474CC09F6931}.Release|x86.Build.0 = Release|Win32
	EndGlobalSection
	GlobalSection(SolutionProperties) = preSolution
		HideSolutionNode = FALSE
	EndGlobalSection
	GlobalSection(ExtensibilityGlobals) = postSolution
		SolutionGuid = {9CB91439-F5BF-4091-A82D-9F05B2E6F3BE}
	EndGlobalSection
EndGlobal
