
Microsoft Visual Studio Solution File, Format Version 12.00
# Visual Studio 15
VisualStudioVersion = 15.0.27703.2042
MinimumVisualStudioVersion = 10.0.40219.1
Project("{8BC9CEB8-8B4A-11D0-8D11-00A0C91BC942}") = "EyeCandy3D", "EyeCandy3D\EyeCandy3D.vcxproj", "{21192E47-E599-4B31-BAD1-2C555B79ABCA}"
	ProjectSection(ProjectDependencies) = postProject
		{6F6F4863-B81B-48FC-AD56-DA802F05363A} = {6F6F4863-B81B-48FC-AD56-DA802F05363A}
	EndProjectSection
EndProject
Project("{8BC9CEB8-8B4A-11D0-8D11-00A0C91BC942}") = "Example", "Example\Example.vcxproj", "{2E843BE8-306B-4D56-AD83-474CC09F6931}"
	ProjectSection(ProjectDependencies) = postProject
		{21192E47-E599-4B31-BAD1-2C555B79ABCA} = {21192E47-E599-4B31-BAD1-2C555B79ABCA}
	EndProjectSection
EndProject
Project("{8BC9CEB8-8B4A-11D0-8D11-00A0C91BC942}") = "Test", "Test\Test.vcxproj", "{AC9E376B-8B92-4BB1-98EA-A4645803FF9C}"
	ProjectSection(ProjectDependencies) = postProject
		{21192E47-E599-4B31-BAD1-2C555B79ABCA} = {21192E47-E599-4B31-BAD1-2C555B79ABCA}
		{3E2F189D-5D33-4078-817C-27ADAB1F490D} = {3E2F189D-5D33-4078-817C-27ADAB1F490D}
	EndProjectSection
EndProject
Project("{8BC9CEB8-8B4A-11D0-8D11-00A0C91BC942}") = "UnitTest++", "External\UnitTest++\UnitTest++.vcxproj", "{3E2F189D-5D33-4078-817C-27ADAB1F490D}"
EndProject
Project("{8BC9CEB8-8B4A-11D0-8D11-00A0C91BC942}") = "Agui", "External\Agui\Agui.vcxproj", "{6F6F4863-B81B-48FC-AD56-DA802F05363A}"
EndProject
Global
	GlobalSection(SolutionConfigurationPlatforms) = preSolution
		Debug|Win32 = Debug|Win32
		Debug|x64 = Debug|x64
		Debug|x86 = Debug|x86
		MinSizeRel|Win32 = MinSizeRel|Win32
		MinSizeRel|x64 = MinSizeRel|x64
		MinSizeRel|x86 = MinSizeRel|x86
		Release|Win32 = Release|Win32
		Release|x64 = Release|x64
		Release|x86 = Release|x86
		RelWithDebInfo|Win32 = RelWithDebInfo|Win32
		RelWithDebInfo|x64 = RelWithDebInfo|x64
		RelWithDebInfo|x86 = RelWithDebInfo|x86
	EndGlobalSection
	GlobalSection(ProjectConfigurationPlatforms) = postSolution
		{21192E47-E599-4B31-BAD1-2C555B79ABCA}.Debug|Win32.ActiveCfg = Debug|Win32
		{21192E47-E599-4B31-BAD1-2C555B79ABCA}.Debug|Win32.Build.0 = Debug|Win32
		{21192E47-E599-4B31-BAD1-2C555B79ABCA}.Debug|x64.ActiveCfg = Debug|x64
		{21192E47-E599-4B31-BAD1-2C555B79ABCA}.Debug|x64.Build.0 = Debug|x64
		{21192E47-E599-4B31-BAD1-2C555B79ABCA}.Debug|x86.ActiveCfg = Debug|Win32
		{21192E47-E599-4B31-BAD1-2C555B79ABCA}.Debug|x86.Build.0 = Debug|Win32
		{21192E47-E599-4B31-BAD1-2C555B79ABCA}.MinSizeRel|Win32.ActiveCfg = Release|Win32
		{21192E47-E599-4B31-BAD1-2C555B79ABCA}.MinSizeRel|Win32.Build.0 = Release|Win32
		{21192E47-E599-4B31-BAD1-2C555B79ABCA}.MinSizeRel|x64.ActiveCfg = Release|x64
		{21192E47-E599-4B31-BAD1-2C555B79ABCA}.MinSizeRel|x64.Build.0 = Release|x64
		{21192E47-E599-4B31-BAD1-2C555B79ABCA}.MinSizeRel|x86.ActiveCfg = Release|Win32
		{21192E47-E599-4B31-BAD1-2C555B79ABCA}.MinSizeRel|x86.Build.0 = Release|Win32
		{21192E47-E599-4B31-BAD1-2C555B79ABCA}.Release|Win32.ActiveCfg = Release|Win32
		{21192E47-E599-4B31-BAD1-2C555B79ABCA}.Release|Win32.Build.0 = Release|Win32
		{21192E47-E599-4B31-BAD1-2C555B79ABCA}.Release|x64.ActiveCfg = Release|x64
		{21192E47-E599-4B31-BAD1-2C555B79ABCA}.Release|x64.Build.0 = Release|x64
		{21192E47-E599-4B31-BAD1-2C555B79ABCA}.Release|x86.ActiveCfg = Release|Win32
		{21192E47-E599-4B31-BAD1-2C555B79ABCA}.Release|x86.Build.0 = Release|Win32
		{21192E47-E599-4B31-BAD1-2C555B79ABCA}.RelWithDebInfo|Win32.ActiveCfg = Release|Win32
		{21192E47-E599-4B31-BAD1-2C555B79ABCA}.RelWithDebInfo|Win32.Build.0 = Release|Win32
		{21192E47-E599-4B31-BAD1-2C555B79ABCA}.RelWithDebInfo|x64.ActiveCfg = Release|x64
		{21192E47-E599-4B31-BAD1-2C555B79ABCA}.RelWithDebInfo|x64.Build.0 = Release|x64
		{21192E47-E599-4B31-BAD1-2C555B79ABCA}.RelWithDebInfo|x86.ActiveCfg = Release|Win32
		{21192E47-E599-4B31-BAD1-2C555B79ABCA}.RelWithDebInfo|x86.Build.0 = Release|Win32
		{2E843BE8-306B-4D56-AD83-474CC09F6931}.Debug|Win32.ActiveCfg = Debug|Win32
		{2E843BE8-306B-4D56-AD83-474CC09F6931}.Debug|Win32.Build.0 = Debug|Win32
		{2E843BE8-306B-4D56-AD83-474CC09F6931}.Debug|x64.ActiveCfg = Debug|x64
		{2E843BE8-306B-4D56-AD83-474CC09F6931}.Debug|x64.Build.0 = Debug|x64
		{2E843BE8-306B-4D56-AD83-474CC09F6931}.Debug|x86.ActiveCfg = Debug|Win32
		{2E843BE8-306B-4D56-AD83-474CC09F6931}.Debug|x86.Build.0 = Debug|Win32
		{2E843BE8-306B-4D56-AD83-474CC09F6931}.MinSizeRel|Win32.ActiveCfg = Release|Win32
		{2E843BE8-306B-4D56-AD83-474CC09F6931}.MinSizeRel|Win32.Build.0 = Release|Win32
		{2E843BE8-306B-4D56-AD83-474CC09F6931}.MinSizeRel|x64.ActiveCfg = Release|x64
		{2E843BE8-306B-4D56-AD83-474CC09F6931}.MinSizeRel|x64.Build.0 = Release|x64
		{2E843BE8-306B-4D56-AD83-474CC09F6931}.MinSizeRel|x86.ActiveCfg = Release|Win32
		{2E843BE8-306B-4D56-AD83-474CC09F6931}.MinSizeRel|x86.Build.0 = Release|Win32
		{2E843BE8-306B-4D56-AD83-474CC09F6931}.Release|Win32.ActiveCfg = Release|Win32
		{2E843BE8-306B-4D56-AD83-474CC09F6931}.Release|Win32.Build.0 = Release|Win32
		{2E843BE8-306B-4D56-AD83-474CC09F6931}.Release|x64.ActiveCfg = Release|x64
		{2E843BE8-306B-4D56-AD83-474CC09F6931}.Release|x64.Build.0 = Release|x64
		{2E843BE8-306B-4D56-AD83-474CC09F6931}.Release|x86.ActiveCfg = Release|Win32
		{2E843BE8-306B-4D56-AD83-474CC09F6931}.Release|x86.Build.0 = Release|Win32
		{2E843BE8-306B-4D56-AD83-474CC09F6931}.RelWithDebInfo|Win32.ActiveCfg = Release|Win32
		{2E843BE8-306B-4D56-AD83-474CC09F6931}.RelWithDebInfo|Win32.Build.0 = Release|Win32
		{2E843BE8-306B-4D56-AD83-474CC09F6931}.RelWithDebInfo|x64.ActiveCfg = Release|x64
		{2E843BE8-306B-4D56-AD83-474CC09F6931}.RelWithDebInfo|x64.Build.0 = Release|x64
		{2E843BE8-306B-4D56-AD83-474CC09F6931}.RelWithDebInfo|x86.ActiveCfg = Release|Win32
		{2E843BE8-306B-4D56-AD83-474CC09F6931}.RelWithDebInfo|x86.Build.0 = Release|Win32
		{AC9E376B-8B92-4BB1-98EA-A4645803FF9C}.Debug|Win32.ActiveCfg = Debug|Win32
		{AC9E376B-8B92-4BB1-98EA-A4645803FF9C}.Debug|Win32.Build.0 = Debug|Win32
		{AC9E376B-8B92-4BB1-98EA-A4645803FF9C}.Debug|x64.ActiveCfg = Debug|x64
		{AC9E376B-8B92-4BB1-98EA-A4645803FF9C}.Debug|x64.Build.0 = Debug|x64
		{AC9E376B-8B92-4BB1-98EA-A4645803FF9C}.Debug|x86.ActiveCfg = Debug|Win32
		{AC9E376B-8B92-4BB1-98EA-A4645803FF9C}.Debug|x86.Build.0 = Debug|Win32
		{AC9E376B-8B92-4BB1-98EA-A4645803FF9C}.MinSizeRel|Win32.ActiveCfg = Release|Win32
		{AC9E376B-8B92-4BB1-98EA-A4645803FF9C}.MinSizeRel|Win32.Build.0 = Release|Win32
		{AC9E376B-8B92-4BB1-98EA-A4645803FF9C}.MinSizeRel|x64.ActiveCfg = Release|x64
		{AC9E376B-8B92-4BB1-98EA-A4645803FF9C}.MinSizeRel|x64.Build.0 = Release|x64
		{AC9E376B-8B92-4BB1-98EA-A4645803FF9C}.MinSizeRel|x86.ActiveCfg = Release|Win32
		{AC9E376B-8B92-4BB1-98EA-A4645803FF9C}.MinSizeRel|x86.Build.0 = Release|Win32
		{AC9E376B-8B92-4BB1-98EA-A4645803FF9C}.Release|Win32.ActiveCfg = Release|Win32
		{AC9E376B-8B92-4BB1-98EA-A4645803FF9C}.Release|Win32.Build.0 = Release|Win32
		{AC9E376B-8B92-4BB1-98EA-A4645803FF9C}.Release|x64.ActiveCfg = Release|x64
		{AC9E376B-8B92-4BB1-98EA-A4645803FF9C}.Release|x64.Build.0 = Release|x64
		{AC9E376B-8B92-4BB1-98EA-A4645803FF9C}.Release|x86.ActiveCfg = Release|Win32
		{AC9E376B-8B92-4BB1-98EA-A4645803FF9C}.Release|x86.Build.0 = Release|Win32
		{AC9E376B-8B92-4BB1-98EA-A4645803FF9C}.RelWithDebInfo|Win32.ActiveCfg = Release|Win32
		{AC9E376B-8B92-4BB1-98EA-A4645803FF9C}.RelWithDebInfo|Win32.Build.0 = Release|Win32
		{AC9E376B-8B92-4BB1-98EA-A4645803FF9C}.RelWithDebInfo|x64.ActiveCfg = Release|x64
		{AC9E376B-8B92-4BB1-98EA-A4645803FF9C}.RelWithDebInfo|x64.Build.0 = Release|x64
		{AC9E376B-8B92-4BB1-98EA-A4645803FF9C}.RelWithDebInfo|x86.ActiveCfg = Release|Win32
		{AC9E376B-8B92-4BB1-98EA-A4645803FF9C}.RelWithDebInfo|x86.Build.0 = Release|Win32
		{3E2F189D-5D33-4078-817C-27ADAB1F490D}.Debug|Win32.ActiveCfg = Debug|Win32
		{3E2F189D-5D33-4078-817C-27ADAB1F490D}.Debug|Win32.Build.0 = Debug|Win32
		{3E2F189D-5D33-4078-817C-27ADAB1F490D}.Debug|x64.ActiveCfg = Debug|x64
		{3E2F189D-5D33-4078-817C-27ADAB1F490D}.Debug|x64.Build.0 = Debug|x64
		{3E2F189D-5D33-4078-817C-27ADAB1F490D}.Debug|x86.ActiveCfg = Debug|Win32
		{3E2F189D-5D33-4078-817C-27ADAB1F490D}.Debug|x86.Build.0 = Debug|Win32
		{3E2F189D-5D33-4078-817C-27ADAB1F490D}.MinSizeRel|Win32.ActiveCfg = Release|Win32
		{3E2F189D-5D33-4078-817C-27ADAB1F490D}.MinSizeRel|Win32.Build.0 = Release|Win32
		{3E2F189D-5D33-4078-817C-27ADAB1F490D}.MinSizeRel|x64.ActiveCfg = Release|x64
		{3E2F189D-5D33-4078-817C-27ADAB1F490D}.MinSizeRel|x64.Build.0 = Release|x64
		{3E2F189D-5D33-4078-817C-27ADAB1F490D}.MinSizeRel|x86.ActiveCfg = Release|Win32
		{3E2F189D-5D33-4078-817C-27ADAB1F490D}.MinSizeRel|x86.Build.0 = Release|Win32
		{3E2F189D-5D33-4078-817C-27ADAB1F490D}.Release|Win32.ActiveCfg = Release|Win32
		{3E2F189D-5D33-4078-817C-27ADAB1F490D}.Release|Win32.Build.0 = Release|Win32
		{3E2F189D-5D33-4078-817C-27ADAB1F490D}.Release|x64.ActiveCfg = Release|x64
		{3E2F189D-5D33-4078-817C-27ADAB1F490D}.Release|x64.Build.0 = Release|x64
		{3E2F189D-5D33-4078-817C-27ADAB1F490D}.Release|x86.ActiveCfg = Release|Win32
		{3E2F189D-5D33-4078-817C-27ADAB1F490D}.Release|x86.Build.0 = Release|Win32
		{3E2F189D-5D33-4078-817C-27ADAB1F490D}.RelWithDebInfo|Win32.ActiveCfg = Release|Win32
		{3E2F189D-5D33-4078-817C-27ADAB1F490D}.RelWithDebInfo|Win32.Build.0 = Release|Win32
		{3E2F189D-5D33-4078-817C-27ADAB1F490D}.RelWithDebInfo|x64.ActiveCfg = Release|x64
		{3E2F189D-5D33-4078-817C-27ADAB1F490D}.RelWithDebInfo|x64.Build.0 = Release|x64
		{3E2F189D-5D33-4078-817C-27ADAB1F490D}.RelWithDebInfo|x86.ActiveCfg = Release|Win32
		{3E2F189D-5D33-4078-817C-27ADAB1F490D}.RelWithDebInfo|x86.Build.0 = Release|Win32
		{6F6F4863-B81B-48FC-AD56-DA802F05363A}.Debug|Win32.ActiveCfg = Debug|Win32
		{6F6F4863-B81B-48FC-AD56-DA802F05363A}.Debug|Win32.Build.0 = Debug|Win32
		{6F6F4863-B81B-48FC-AD56-DA802F05363A}.Debug|x64.ActiveCfg = Debug|x64
		{6F6F4863-B81B-48FC-AD56-DA802F05363A}.Debug|x64.Build.0 = Debug|x64
		{6F6F4863-B81B-48FC-AD56-DA802F05363A}.Debug|x86.ActiveCfg = Debug|Win32
		{6F6F4863-B81B-48FC-AD56-DA802F05363A}.Debug|x86.Build.0 = Debug|Win32
		{6F6F4863-B81B-48FC-AD56-DA802F05363A}.MinSizeRel|Win32.ActiveCfg = Release|Win32
		{6F6F4863-B81B-48FC-AD56-DA802F05363A}.MinSizeRel|Win32.Build.0 = Release|Win32
		{6F6F4863-B81B-48FC-AD56-DA802F05363A}.MinSizeRel|x64.ActiveCfg = Release|x64
		{6F6F4863-B81B-48FC-AD56-DA802F05363A}.MinSizeRel|x64.Build.0 = Release|x64
		{6F6F4863-B81B-48FC-AD56-DA802F05363A}.MinSizeRel|x86.ActiveCfg = Release|Win32
		{6F6F4863-B81B-48FC-AD56-DA802F05363A}.MinSizeRel|x86.Build.0 = Release|Win32
		{6F6F4863-B81B-48FC-AD56-DA802F05363A}.Release|Win32.ActiveCfg = Release|Win32
		{6F6F4863-B81B-48FC-AD56-DA802F05363A}.Release|Win32.Build.0 = Release|Win32
		{6F6F4863-B81B-48FC-AD56-DA802F05363A}.Release|x64.ActiveCfg = Release|x64
		{6F6F4863-B81B-48FC-AD56-DA802F05363A}.Release|x64.Build.0 = Release|x64
		{6F6F4863-B81B-48FC-AD56-DA802F05363A}.Release|x86.ActiveCfg = Release|Win32
		{6F6F4863-B81B-48FC-AD56-DA802F05363A}.Release|x86.Build.0 = Release|Win32
		{6F6F4863-B81B-48FC-AD56-DA802F05363A}.RelWithDebInfo|Win32.ActiveCfg = Release|Win32
		{6F6F4863-B81B-48FC-AD56-DA802F05363A}.RelWithDebInfo|Win32.Build.0 = Release|Win32
		{6F6F4863-B81B-48FC-AD56-DA802F05363A}.RelWithDebInfo|x64.ActiveCfg = Release|x64
		{6F6F4863-B81B-48FC-AD56-DA802F05363A}.RelWithDebInfo|x64.Build.0 = Release|x64
		{6F6F4863-B81B-48FC-AD56-DA802F05363A}.RelWithDebInfo|x86.ActiveCfg = Release|Win32
		{6F6F4863-B81B-48FC-AD56-DA802F05363A}.RelWithDebInfo|x86.Build.0 = Release|Win32
	EndGlobalSection
	GlobalSection(SolutionProperties) = preSolution
		HideSolutionNode = FALSE
	EndGlobalSection
	GlobalSection(ExtensibilityGlobals) = postSolution
		SolutionGuid = {9CB91439-F5BF-4091-A82D-9F05B2E6F3BE}
	EndGlobalSection
EndGlobal
