<?xml version="1.0" encoding="utf-8"?>
<Project ToolsVersion="4.0" xmlns="http://schemas.microsoft.com/developer/msbuild/2003">
  <ItemGroup>
    <Filter Include="Ressourcendateien">
      <UniqueIdentifier>{67DA6AB6-F800-4c08-8B7A-83BB121AAD01}</UniqueIdentifier>
      <Extensions>rc;ico;cur;bmp;dlg;rc2;rct;bin;rgs;gif;jpg;jpeg;jpe;resx;tiff;tif;png;wav;mfcribbon-ms</Extensions>
    </Filter>
    <Filter Include="src">
      <UniqueIdentifier>{1f08cd1f-f70b-44ae-88dd-235767fbb173}</UniqueIdentifier>
    </Filter>
    <Filter Include="include">
      <UniqueIdentifier>{b615108e-d164-483a-a660-cb171ef56a11}</UniqueIdentifier>
    </Filter>
  </ItemGroup>
  <ItemGroup>
    <None Include="packages.config" />
    <None Include="include\EC3D\Core\ResourceRegistry.inl" />
    <None Include="src\Core\Cursor.cpp" />
  </ItemGroup>
  <ItemGroup>
    <ClInclude Include="include\EC3D\Common\Common.h" />
    <ClInclude Include="include\EC3D\Common\Config.h" />
    <ClInclude Include="include\EC3D\Core\Shader\Shader.h" />
    <ClInclude Include="include\EC3D\Core\Shader\ShaderManager.h" />
    <ClInclude Include="include\EC3D\Core\Camera.h" />
    <ClInclude Include="include\EC3D\Core\CameraController.h" />
    <ClInclude Include="include\EC3D\Core\Drawable.h" />
    <ClInclude Include="include\EC3D\Core\FontCharacter.h" />
    <ClInclude Include="include\EC3D\Core\FontTextureAtlas.h" />
    <ClInclude Include="include\EC3D\Core\Freetype.h" />
    <ClInclude Include="include\EC3D\Core\Material.h" />
    <ClInclude Include="include\EC3D\Core\Node.h" />
    <ClInclude Include="include\EC3D\Core\Scene.h" />
    <ClInclude Include="include\EC3D\Core\SceneController.h" />
    <ClInclude Include="include\EC3D\Core\SceneSystem.h" />
    <ClInclude Include="include\EC3D\Core\Texture.h" />
    <ClInclude Include="include\EC3D\Core\Window.h" />
    <ClInclude Include="include\EC3D\Utilities\Profiler.h" />
    <ClInclude Include="include\EC3D\Utilities\Timer.h" />
    <ClInclude Include="include\EC3D\Utilities\UtilitiesMath.h" />
    <ClInclude Include="include\EC3D\Core\Viewport.h" />
    <ClInclude Include="include\EC3D\Core\ResourceRegistry.h" />
    <ClInclude Include="include\EC3D\Core\ResourceType.h" />
    <ClInclude Include="include\EC3D\Core\CameraType.h" />
    <ClInclude Include="include\EC3D\Core\Transform3D.h" />
    <ClInclude Include="include\EC3D\Core\Cursor.h" />
    <ClInclude Include="include\EC3D\Core\Application.h" />
    <ClInclude Include="include\EC3D\Utilities\Random.h" />
    <ClInclude Include="include\EC3D\Gui\Backend\OpenGLCursorProvider.h" />
    <ClInclude Include="include\EC3D\Gui\Backend\OpenGLFont.h" />
    <ClInclude Include="include\EC3D\Gui\Backend\OpenGLFontLoader.h" />
    <ClInclude Include="include\EC3D\Gui\Backend\OpenGLGraphics.h" />
    <ClInclude Include="include\EC3D\Gui\Backend\OpenGLImage.h" />
    <ClInclude Include="include\EC3D\Gui\Backend\OpenGLImageLoader.h" />
    <ClInclude Include="include\EC3D\Gui\Backend\OpenGLInput.h" />
    <ClInclude Include="include\EC3D\Gui\MiniAgui.h" />
    <ClInclude Include="include\EC3D\Core\Shader\ShaderTimed.h" />
    <ClInclude Include="include\EC3D\Core\WindowCreationHints.h" />
    <ClInclude Include="include\EC3D\GUI\GuiRenderer.h" />
    <ClInclude Include="include\EC3D\GUI\GuiRenderContext.h" />
    <ClInclude Include="include\EC3D\GUI\GuiPrimitiveRenderer.h" />
    <ClInclude Include="include\EC3D\GUI\GuiShaderInfoObject.h" />
    <ClInclude Include="include\EC3D\GUI\Listener\GenericButtonListener.h" />
    <ClInclude Include="include\EC3D\GUI\Listener\GenericCheckBoxListener.h" />
    <ClInclude Include="include\EC3D\GUI\Listener\GenericDropDownListener.h" />
    <ClInclude Include="include\EC3D\GUI\Listener\GenericFrameListener.h" />
    <ClInclude Include="include\EC3D\GUI\Listener\GenericHScrollBarListener.h" />
    <ClInclude Include="include\EC3D\GUI\Listener\GenericLabelListener.h" />
    <ClInclude Include="include\EC3D\GUI\Listener\GenericListBoxListener.h" />
    <ClInclude Include="include\EC3D\GUI\Listener\GenericRadioButtonListener.h" />
    <ClInclude Include="include\EC3D\GUI\Listener\GenericSliderListener.h" />
    <ClInclude Include="include\EC3D\GUI\Listener\GenericTabbedPaneListener.h" />
    <ClInclude Include="include\EC3D\GUI\Listener\GenericTextBoxListener.h" />
    <ClInclude Include="include\EC3D\GUI\Listener\GenericTextFieldListener.h" />
    <ClInclude Include="include\EC3D\GUI\Listener\GenericVScrollBarListener.h" />
    <ClInclude Include="include\EC3D\GUI\Listener\GenericWidgetListener.h" />
    <ClInclude Include="include\EC3D\GUI\Listener\GenericActionListener.h" />
    <ClInclude Include="include\EC3D\Utilities\Logger.h" />
    <ClInclude Include="include\EC3D\Utilities\FileSystem.h" />
    <ClInclude Include="include\EC3D\Utilities\SystemTime.h" />
    <ClInclude Include="include\EC3D\Core\Color.h" />
    <ClInclude Include="include\EC3D\Core\Lighting\Light.h" />
    <ClInclude Include="include\EC3D\Core\Lighting\LightSystem.h" />
    <ClInclude Include="include\EC3D\Core\Lighting\LightType.h" />
    <ClInclude Include="include\EC3D\Core\Lighting\OmniLight.h" />
    <ClInclude Include="include\EC3D\Core\Lighting\PointLight.h" />
    <ClInclude Include="include\EC3D\Core\Lighting\DirectionalLight.h" />
    <ClInclude Include="include\EC3D\Core\Lighting\SpotLight.h" />
    <ClInclude Include="include\EC3D\Core\Geometry\IGeometryAccess.h" />
    <ClInclude Include="include\EC3D\Core\Geometry\GeometryData.h" />
    <ClInclude Include="include\EC3D\Core\Geometry\Geometry.h" />
    <ClInclude Include="include\EC3D\Core\Geometry\CylinderGeometry.h" />
    <ClInclude Include="include\EC3D\Core\Geometry\CubeGeometry.h" />
    <ClInclude Include="include\EC3D\Core\Geometry\CircleGeometry.h" />
    <ClInclude Include="include\EC3D\Core\Geometry\DynamicGeometry.h" />
    <ClInclude Include="include\EC3D\Core\Geometry\DynamicLineGeometry.h" />
    <ClInclude Include="include\EC3D\Core\Geometry\LineGeometry.h" />
    <ClInclude Include="include\EC3D\Core\Geometry\LineGeometryFactory.h" />
    <ClInclude Include="include\EC3D\Core\Geometry\LineStripGeometry.h" />
    <ClInclude Include="include\EC3D\Core\Geometry\RectangleGeometry.h" />
    <ClInclude Include="include\EC3D\Core\Geometry\StaticGeometry.h" />
    <ClInclude Include="include\EC3D\Core\Geometry\SpringGeometry.h" />
    <ClInclude Include="include\EC3D\Core\Geometry\SphereGeometry.h" />
    <ClInclude Include="include\EC3D\Core\Geometry\Vertex.h" />
    <ClInclude Include="include\EC3D\Core\Geometry\TriangleMesh.h" />
    <ClInclude Include="include\EC3D\Core\Input\Mouse.h" />
    <ClInclude Include="include\EC3D\Core\Input\EventSystem.h" />
    <ClInclude Include="include\EC3D\Core\Input\InputEvent.h" />
    <ClInclude Include="include\EC3D\Core\Input\InputListener.h" />
    <ClInclude Include="include\EC3D\Core\Input\InputObservable.h" />
    <ClInclude Include="include\EC3D\Core\Input\Keyboard.h" />
    <ClInclude Include="include\EC3D\Core\Input\DeviceRegistry.h" />
    <ClInclude Include="include\EC3D\Gui\GuiSystem.h" />
    <ClInclude Include="include\EC3D\Core\Rendering\RenderSystem.h" />
    <ClInclude Include="include\EC3D\Core\Rendering\IRenderer.h" />
    <ClInclude Include="include\EC3D\Core\Rendering\RenderingContext.h" />
    <ClInclude Include="include\EC3D\Core\Rendering\ForwardRenderer.h" />
    <ClInclude Include="include\EC3D\Core\Frame.h" />
    <ClInclude Include="include\EC3D\Core\FrameSlot.h" />
    <ClInclude Include="include\EC3D\Core\IFrameLayout.h" />
    <ClInclude Include="include\EC3D\Core\FrameLayoutUniform.h" />
    <ClInclude Include="include\EC3D\Core\Rendering\RenderTarget.h" />
    <ClInclude Include="include\EC3D\Core\Input\EventProcessor.h" />
    <ClInclude Include="include\EC3D\Core\Rendering\OpenGlProperty.h" />
    <ClInclude Include="include\EC3D\Plugin\Plugin.h" />
    <ClInclude Include="include\EC3D\Plugin\ImGuiPlugin.h" />
    <ClInclude Include="include\imgui\imconfig.h" />
    <ClInclude Include="include\imgui\imgui.h" />
    <ClInclude Include="include\imgui\imgui_impl_glfw.h" />
    <ClInclude Include="include\imgui\imgui_impl_opengl3.h" />
    <ClInclude Include="include\imgui\imgui_internal.h" />
    <ClInclude Include="include\imgui\imstb_rectpack.h" />
    <ClInclude Include="include\imgui\imstb_textedit.h" />
    <ClInclude Include="include\imgui\imstb_truetype.h" />
    <ClInclude Include="include\EC3D\Core\WindowCallbacks.h" />
    <ClInclude Include="include\EC3D\Core\WindowMode.h" />
    <ClInclude Include="include\EC3D\Core\VideoMode.h" />
  </ItemGroup>
  <ItemGroup>
    <ClCompile Include="src\Core\Shader\Shader.cpp" />
    <ClCompile Include="src\Core\Shader\ShaderManager.cpp" />
    <ClCompile Include="src\Core\Camera.cpp" />
    <ClCompile Include="src\Core\CameraController.cpp" />
    <ClCompile Include="src\Core\Drawable.cpp" />
    <ClCompile Include="src\Core\FontTextureAtlas.cpp" />
    <ClCompile Include="src\Core\Freetype.cpp" />
    <ClCompile Include="src\Core\Material.cpp" />
    <ClCompile Include="src\Core\Node.cpp" />
    <ClCompile Include="src\Core\Scene.cpp" />
    <ClCompile Include="src\Core\SceneController.cpp" />
    <ClCompile Include="src\Core\SceneSystem.cpp" />
    <ClCompile Include="src\Core\Texture.cpp" />
    <ClCompile Include="src\Core\Window.cpp" />
    <ClCompile Include="src\Utilities\Profiler.cpp" />
    <ClCompile Include="src\Utilities\Timer.cpp" />
    <ClCompile Include="src\Core\Viewport.cpp" />
    <ClCompile Include="src\Core\Transform3D.cpp" />
    <ClCompile Include="src\Core\Application.cpp" />
    <ClCompile Include="src\Utilities\Random.cpp" />
    <ClCompile Include="src\Gui\Backend\OpenGLCursorProvider.cpp" />
    <ClCompile Include="src\Gui\Backend\OpenGLFont.cpp" />
    <ClCompile Include="src\Gui\Backend\OpenGLFontLoader.cpp" />
    <ClCompile Include="src\Gui\Backend\OpenGLGraphics.cpp" />
    <ClCompile Include="src\Gui\Backend\OpenGLImage.cpp" />
    <ClCompile Include="src\Gui\Backend\OpenGLImageLoader.cpp" />
    <ClCompile Include="src\Gui\Backend\OpenGLInput.cpp" />
    <ClCompile Include="src\Gui\MiniAgui.cpp" />
    <ClCompile Include="src\Core\Shader\ShaderTimed.cpp" />
    <ClCompile Include="src\Core\WindowCreationHints.cpp" />
    <ClCompile Include="src\GUI\GuiRenderer.cpp" />
    <ClCompile Include="src\GUI\GuiPrimitiveRenderer.cpp" />
    <ClCompile Include="src\GUI\Listener\GenericButtonListener.cpp" />
    <ClCompile Include="src\GUI\Listener\GenericDropDownListener.cpp" />
    <ClCompile Include="src\GUI\Listener\GenericCheckBoxListener.cpp" />
    <ClCompile Include="src\GUI\Listener\GenericFrameListener.cpp" />
    <ClCompile Include="src\GUI\Listener\GenericLabelListener.cpp" />
    <ClCompile Include="src\GUI\Listener\GenericListBoxListener.cpp" />
    <ClCompile Include="src\GUI\Listener\GenericRadioButtonListener.cpp" />
    <ClCompile Include="src\GUI\Listener\GenericSliderListener.cpp" />
    <ClCompile Include="src\GUI\Listener\GenericTabbedPaneListener.cpp" />
    <ClCompile Include="src\GUI\Listener\GenericTextBoxListener.cpp" />
    <ClCompile Include="src\GUI\Listener\GenericTextFieldListener.cpp" />
    <ClCompile Include="src\GUI\Listener\GenericHScrollBarListener.cpp" />
    <ClCompile Include="src\GUI\Listener\GenericVScrollBarListener.cpp" />
    <ClCompile Include="src\GUI\Listener\GenericActionListener.cpp" />
    <ClCompile Include="src\GUI\Listener\GenericWidgetListener.cpp" />
    <ClCompile Include="src\Utilities\Logger.cpp" />
    <ClCompile Include="src\Utilities\FileSystem.cpp" />
    <ClCompile Include="src\Utilities\SystemTime.cpp" />
    <ClCompile Include="src\Core\Color.cpp" />
    <ClCompile Include="src\Core\Lighting\Light.cpp" />
    <ClCompile Include="src\Core\Lighting\LightSystem.cpp" />
    <ClCompile Include="src\Core\Lighting\OmniLight.cpp" />
    <ClCompile Include="src\Core\Lighting\PointLight.cpp" />
    <ClCompile Include="src\Core\Lighting\DirectionalLight.cpp" />
    <ClCompile Include="src\Core\Geometry\CircleGeometry.cpp" />
    <ClCompile Include="src\Core\Geometry\CubeGeometry.cpp" />
    <ClCompile Include="src\Core\Geometry\CylinderGeometry.cpp" />
    <ClCompile Include="src\Core\Geometry\DynamicGeometry.cpp" />
    <ClCompile Include="src\Core\Geometry\DynamicLineGeometry.cpp" />
    <ClCompile Include="src\Core\Geometry\GeometryData.cpp" />
    <ClCompile Include="src\Core\Geometry\IGeometryAccess.cpp" />
    <ClCompile Include="src\Core\Geometry\Geometry.cpp" />
    <ClCompile Include="src\Core\Geometry\LineGeometry.cpp" />
    <ClCompile Include="src\Core\Geometry\LineGeometryFactory.cpp" />
    <ClCompile Include="src\Core\Geometry\LineStripGeometry.cpp" />
    <ClCompile Include="src\Core\Geometry\RectangleGeometry.cpp" />
    <ClCompile Include="src\Core\Geometry\SphereGeometry.cpp" />
    <ClCompile Include="src\Core\Geometry\SpringGeometry.cpp" />
    <ClCompile Include="src\Core\Geometry\StaticGeometry.cpp" />
    <ClCompile Include="src\Core\Lighting\SpotLight.cpp" />
    <ClCompile Include="src\Core\Geometry\TriangleMesh.cpp" />
    <ClCompile Include="src\Core\Input\InputEvent.cpp" />
    <ClCompile Include="src\Core\Input\InputObservable.cpp" />
    <ClCompile Include="src\Core\Input\InputListener.cpp" />
    <ClCompile Include="src\Core\Input\Mouse.cpp" />
    <ClCompile Include="src\Core\Input\Keyboard.cpp" />
    <ClCompile Include="src\Core\Input\EventSystem.cpp" />
    <ClCompile Include="src\Core\Input\DeviceRegistry.cpp" />
    <ClCompile Include="src\Gui\GuiSystem.cpp" />
    <ClCompile Include="src\Core\Rendering\RenderSystem.cpp" />
    <ClCompile Include="src\Core\Rendering\IRenderer.cpp" />
    <ClCompile Include="src\Core\Rendering\ForwardRenderer.cpp" />
    <ClCompile Include="src\Core\FrameSlot.cpp" />
    <ClCompile Include="src\Core\Frame.cpp" />
    <ClCompile Include="src\Core\IFrameLayout.cpp" />
    <ClCompile Include="src\Core\FrameLayoutUniform.cpp" />
    <ClCompile Include="src\Core\Rendering\RenderTargets.cpp" />
    <ClCompile Include="src\Core\Input\EventProcessor.cpp" />
    <ClCompile Include="src\Plugin\Plugin.cpp" />
    <ClCompile Include="src\Plugin\ImGuiPlugin.cpp" />
    <ClCompile Include="src\imgui\imgui.cpp" />
    <ClCompile Include="src\imgui\imgui_demo.cpp" />
    <ClCompile Include="src\imgui\imgui_draw.cpp" />
    <ClCompile Include="src\imgui\imgui_impl_glfw.cpp" />
    <ClCompile Include="src\imgui\imgui_impl_opengl3.cpp" />
    <ClCompile Include="src\imgui\imgui_widgets.cpp" />
    <ClCompile Include="src\Core\WindowCallbacks.cpp" />
    <ClCompile Include="src\Core\VideoMode.cpp" />
    <ClCompile Include="src\Core\WindowMode.cpp" />
  </ItemGroup>
</Project>