<?xml version="1.0" encoding="utf-8"?>
<Project ToolsVersion="4.0" xmlns="http://schemas.microsoft.com/developer/msbuild/2003">
  <ItemGroup>
    <Filter Include="Ressourcendateien">
      <UniqueIdentifier>{67DA6AB6-F800-4c08-8B7A-83BB121AAD01}</UniqueIdentifier>
      <Extensions>rc;ico;cur;bmp;dlg;rc2;rct;bin;rgs;gif;jpg;jpeg;jpe;resx;tiff;tif;png;wav;mfcribbon-ms</Extensions>
    </Filter>
    <Filter Include="src">
      <UniqueIdentifier>{1f08cd1f-f70b-44ae-88dd-235767fbb173}</UniqueIdentifier>
    </Filter>
    <Filter Include="include">
      <UniqueIdentifier>{b615108e-d164-483a-a660-cb171ef56a11}</UniqueIdentifier>
    </Filter>
  </ItemGroup>
  <ItemGroup>
    <None Include="packages.config" />
    <None Include="include\EC3D\Core\ResourceRegistry.inl" />
    <None Include="src\Core\Cursor.cpp" />
  </ItemGroup>
  <ItemGroup>
    <ClInclude Include="include\EC3D\Common\Common.h" />
    <ClInclude Include="include\EC3D\Common\Config.h" />
    <ClInclude Include="include\EC3D\Core\Shader\Shader.h" />
    <ClInclude Include="include\EC3D\Core\Shader\ShaderManager.h" />
    <ClInclude Include="include\EC3D\Core\Camera.h" />
    <ClInclude Include="include\EC3D\Core\CameraController.h" />
    <ClInclude Include="include\EC3D\Core\Drawable.h" />
    <ClInclude Include="include\EC3D\Core\FontCharacter.h" />
    <ClInclude Include="include\EC3D\Core\FontTextureAtlas.h" />
    <ClInclude Include="include\EC3D\Core\Freetype.h" />
    <ClInclude Include="include\EC3D\Core\InputEvent.h" />
    <ClInclude Include="include\EC3D\Core\InputObservable.h" />
    <ClInclude Include="include\EC3D\Core\Material.h" />
    <ClInclude Include="include\EC3D\Core\Node.h" />
    <ClInclude Include="include\EC3D\Core\Scene.h" />
    <ClInclude Include="include\EC3D\Core\SceneController.h" />
    <ClInclude Include="include\EC3D\Core\SceneRenderer.h" />
    <ClInclude Include="include\EC3D\Core\SceneSystem.h" />
    <ClInclude Include="include\EC3D\Core\Texture.h" />
    <ClInclude Include="include\EC3D\Core\Vertex.h" />
    <ClInclude Include="include\EC3D\Core\Window.h" />
    <ClInclude Include="include\EC3D\Utilities\FileLogger.h" />
    <ClInclude Include="include\EC3D\Utilities\Profiler.h" />
    <ClInclude Include="include\EC3D\Utilities\Timer.h" />
    <ClInclude Include="include\EC3D\Utilities\UtilitiesFile.h" />
    <ClInclude Include="include\EC3D\Utilities\UtilitiesMath.h" />
    <ClInclude Include="include\EC3D\Core\InputListener.h" />
    <ClInclude Include="include\EC3D\Core\Frame.h" />
    <ClInclude Include="include\EC3D\Core\Viewport.h" />
    <ClInclude Include="include\EC3D\Core\Renderer.h" />
    <ClInclude Include="include\EC3D\Core\ResourceRegistry.h" />
    <ClInclude Include="include\EC3D\Core\ResourceType.h" />
    <ClInclude Include="include\EC3D\Core\CameraType.h" />
    <ClInclude Include="include\EC3D\Core\Transform3D.h" />
    <ClInclude Include="include\EC3D\Core\Cursor.h" />
    <ClInclude Include="include\EC3D\Core\SpringGeometry.h" />
    <ClInclude Include="include\EC3D\Core\DynamicLineGeometry.h" />
    <ClInclude Include="include\EC3D\Core\DynamicGeometry.h" />
    <ClInclude Include="include\EC3D\Core\StaticGeometry.h" />
    <ClInclude Include="include\EC3D\Core\DeviceRegistry.h" />
    <ClInclude Include="include\EC3D\Core\Mouse.h" />
    <ClInclude Include="include\EC3D\Core\Keyboard.h" />
    <ClInclude Include="include\EC3D\Core\Application.h" />
    <ClInclude Include="include\EC3D\Core\GeometryData.h" />
    <ClInclude Include="include\EC3D\Core\IGeometryAccess.h" />
    <ClInclude Include="include\EC3D\Core\Geometry.h" />
    <ClInclude Include="include\EC3D\Core\CubeGeometry.h" />
    <ClInclude Include="include\EC3D\Core\SphereGeometry.h" />
    <ClInclude Include="include\EC3D\Core\EventSystem.h" />
    <ClInclude Include="include\EC3D\Utilities\Random.h" />
    <ClInclude Include="include\EC3D\Gui\Backend\OpenGLCursorProvider.h" />
    <ClInclude Include="include\EC3D\Gui\Backend\OpenGLFont.h" />
    <ClInclude Include="include\EC3D\Gui\Backend\OpenGLFontLoader.h" />
    <ClInclude Include="include\EC3D\Gui\Backend\OpenGLGraphics.h" />
    <ClInclude Include="include\EC3D\Gui\Backend\OpenGLImage.h" />
    <ClInclude Include="include\EC3D\Gui\Backend\OpenGLImageLoader.h" />
    <ClInclude Include="include\EC3D\Gui\Backend\OpenGLInput.h" />
    <ClInclude Include="include\EC3D\Gui\GUISystem.h" />
    <ClInclude Include="include\EC3D\Gui\MiniAgui.h" />
    <ClInclude Include="include\EC3D\Core\CylinderGeometry.h" />
    <ClInclude Include="include\EC3D\Core\RectangleGeometry.h" />
    <ClInclude Include="include\EC3D\Core\Shader\ShaderTimed.h" />
    <ClInclude Include="include\EC3D\Core\WindowCreationHints.h" />
    <ClInclude Include="include\EC3D\GUI\GuiRenderer.h" />
    <ClInclude Include="include\EC3D\GUI\GuiRenderContext.h" />
    <ClInclude Include="include\EC3D\Core\CircleGeometry.h" />
    <ClInclude Include="include\EC3D\Core\LineGeometry.h" />
    <ClInclude Include="include\EC3D\GUI\GuiPrimitiveRenderer.h" />
    <ClInclude Include="include\EC3D\GUI\GuiShaderInfoObject.h" />
    <ClInclude Include="include\EC3D\Core\LineStripGeometry.h" />
    <ClInclude Include="include\EC3D\GUI\Listener\GenericButtonListener.h" />
    <ClInclude Include="include\EC3D\GUI\Listener\GenericCheckBoxListener.h" />
    <ClInclude Include="include\EC3D\GUI\Listener\GenericDropDownListener.h" />
    <ClInclude Include="include\EC3D\GUI\Listener\GenericFrameListener.h" />
    <ClInclude Include="include\EC3D\GUI\Listener\GenericLabelListener.h" />
    <ClInclude Include="include\EC3D\GUI\Listener\GenericListBoxListener.h" />
    <ClInclude Include="include\EC3D\GUI\Listener\GenericRadioButtonListener.h" />
    <ClInclude Include="include\EC3D\GUI\Listener\GenericScrollBarListener.h" />
    <ClInclude Include="include\EC3D\GUI\Listener\GenericSliderListener.h" />
    <ClInclude Include="include\EC3D\GUI\Listener\GenericTabbedPaneListener.h" />
    <ClInclude Include="include\EC3D\GUI\Listener\GenericTextBoxListener.h" />
    <ClInclude Include="include\EC3D\GUI\Listener\GenericTextFieldListener.h" />
  </ItemGroup>
  <ItemGroup>
    <ClCompile Include="src\Core\Shader\Shader.cpp" />
    <ClCompile Include="src\Core\Shader\ShaderManager.cpp" />
    <ClCompile Include="src\Core\Camera.cpp" />
    <ClCompile Include="src\Core\CameraController.cpp" />
    <ClCompile Include="src\Core\Drawable.cpp" />
    <ClCompile Include="src\Core\FontTextureAtlas.cpp" />
    <ClCompile Include="src\Core\Freetype.cpp" />
    <ClCompile Include="src\Core\InputEvent.cpp" />
    <ClCompile Include="src\Core\InputObservable.cpp" />
    <ClCompile Include="src\Core\Material.cpp" />
    <ClCompile Include="src\Core\Node.cpp" />
    <ClCompile Include="src\Core\Scene.cpp" />
    <ClCompile Include="src\Core\SceneController.cpp" />
    <ClCompile Include="src\Core\SceneRenderer.cpp" />
    <ClCompile Include="src\Core\SceneSystem.cpp" />
    <ClCompile Include="src\Core\Texture.cpp" />
    <ClCompile Include="src\Core\Window.cpp" />
    <ClCompile Include="src\Utilities\FileLogger.cpp" />
    <ClCompile Include="src\Utilities\Profiler.cpp" />
    <ClCompile Include="src\Utilities\Timer.cpp" />
    <ClCompile Include="src\Utilities\UtilitiesFile.cpp" />
    <ClCompile Include="src\Core\InputListener.cpp" />
    <ClCompile Include="src\Core\Frame.cpp" />
    <ClCompile Include="src\Core\Viewport.cpp" />
    <ClCompile Include="src\Core\Renderer.cpp" />
    <ClCompile Include="src\Core\Transform3D.cpp" />
    <ClCompile Include="src\Core\DynamicLineGeometry.cpp" />
    <ClCompile Include="src\Core\DynamicGeometry.cpp" />
    <ClCompile Include="src\Core\StaticGeometry.cpp" />
    <ClCompile Include="src\Core\DeviceRegistry.cpp" />
    <ClCompile Include="src\Core\Mouse.cpp" />
    <ClCompile Include="src\Core\Keyboard.cpp" />
    <ClCompile Include="src\Core\Application.cpp" />
    <ClCompile Include="src\Core\SpringGeometry.cpp" />
    <ClCompile Include="src\Core\IGeometryAccess.cpp" />
    <ClCompile Include="src\Core\GeometryData.cpp" />
    <ClCompile Include="src\Core\Geometry.cpp" />
    <ClCompile Include="src\Core\CubeGeometry.cpp" />
    <ClCompile Include="src\Core\SphereGeometry.cpp" />
    <ClCompile Include="src\Core\EventSystem.cpp" />
    <ClCompile Include="src\Utilities\Random.cpp" />
    <ClCompile Include="src\Gui\Backend\OpenGLCursorProvider.cpp" />
    <ClCompile Include="src\Gui\Backend\OpenGLFont.cpp" />
    <ClCompile Include="src\Gui\Backend\OpenGLFontLoader.cpp" />
    <ClCompile Include="src\Gui\Backend\OpenGLGraphics.cpp" />
    <ClCompile Include="src\Gui\Backend\OpenGLImage.cpp" />
    <ClCompile Include="src\Gui\Backend\OpenGLImageLoader.cpp" />
    <ClCompile Include="src\Gui\Backend\OpenGLInput.cpp" />
    <ClCompile Include="src\Gui\GUISystem.cpp" />
    <ClCompile Include="src\Gui\MiniAgui.cpp" />
    <ClCompile Include="src\Core\CylinderGeometry.cpp" />
    <ClCompile Include="src\Core\RectangleGeometry.cpp" />
    <ClCompile Include="src\Core\Shader\ShaderTimed.cpp" />
    <ClCompile Include="src\Core\WindowCreationHints.cpp" />
    <ClCompile Include="src\Core\CircleGeometry.cpp" />
    <ClCompile Include="src\Core\LineGeometry.cpp" />
    <ClCompile Include="src\GUI\GuiRenderer.cpp" />
    <ClCompile Include="src\GUI\GuiPrimitiveRenderer.cpp" />
    <ClCompile Include="src\Core\LineStripGeometry.cpp" />
    <ClCompile Include="src\GUI\Listener\GenericButtonListener.cpp" />
    <ClCompile Include="src\GUI\Listener\GenericDropDownListener.cpp" />
    <ClCompile Include="src\GUI\Listener\GenericCheckBoxListener.cpp" />
    <ClCompile Include="src\GUI\Listener\GenericFrameListener.cpp" />
    <ClCompile Include="src\GUI\Listener\GenericLabelListener.cpp" />
    <ClCompile Include="src\GUI\Listener\GenericListBoxListener.cpp" />
    <ClCompile Include="src\GUI\Listener\GenericRadioButtonListener.cpp" />
    <ClCompile Include="src\GUI\Listener\GenericScrollBarListener.cpp" />
    <ClCompile Include="src\GUI\Listener\GenericSliderListener.cpp" />
    <ClCompile Include="src\GUI\Listener\GenericTabbedPaneListener.cpp" />
    <ClCompile Include="src\GUI\Listener\GenericTextBoxListener.cpp" />
    <ClCompile Include="src\GUI\Listener\GenericTextFieldListener.cpp" />
  </ItemGroup>
</Project>